
Microsoft Visual Studio Solution File, Format Version 12.00
# Visual Studio Version 17
VisualStudioVersion = 17.7.34018.315
MinimumVisualStudioVersion = 10.0.40219.1
Project("{FAE04EC0-301F-11D3-BF4B-00C04F79EFBC}") = "PrimeiroProjetoC#", "PrimeiroProjetoC#.csproj", "{92A0DCA6-581E-4D02-9594-91C38688C3FC}"
EndProject
Global
	GlobalSection(SolutionConfigurationPlatforms) = preSolution
		Debug|Any CPU = Debug|Any CPU
		Release|Any CPU = Release|Any CPU
	EndGlobalSection
	GlobalSection(ProjectConfigurationPlatforms) = postSolution
		{92A0DCA6-581E-4D02-9594-91C38688C3FC}.Debug|Any CPU.ActiveCfg = Debug|Any CPU
		{92A0DCA6-581E-4D02-9594-91C38688C3FC}.Debug|Any CPU.Build.0 = Debug|Any CPU
		{92A0DCA6-581E-4D02-9594-91C38688C3FC}.Release|Any CPU.ActiveCfg = Release|Any CPU
		{92A0DCA6-581E-4D02-9594-91C38688C3FC}.Release|Any CPU.Build.0 = Release|Any CPU
	EndGlobalSection
	GlobalSection(SolutionProperties) = preSolution
		HideSolutionNode = FALSE
	EndGlobalSection
	GlobalSection(ExtensibilityGlobals) = postSolution
		SolutionGuid = {DF5D55BE-6B3F-4F5C-A650-2630CB27FA91}
	EndGlobalSection
EndGlobal
